{
    "_readme": [
        "This file locks the dependencies of your project to a known state",
        "Read more about it at https://getcomposer.org/doc/01-basic-usage.md#installing-dependencies",
        "This file is @generated automatically"
    ],
    "content-hash": "8ab01e06bf9411674e21f286c89b8578",
    "packages": [
        {
            "name": "vakata/websocket",
            "version": "1.0.1",
            "source": {
                "type": "git",
                "url": "https://github.com/vakata/websocket.git",
                "reference": "0397d024ebc35ea661529893a7265bbaef8f0a7f"
            },
            "dist": {
                "type": "zip",
                "url": "https://api.github.com/repos/vakata/websocket/zipball/0397d024ebc35ea661529893a7265bbaef8f0a7f",
                "reference": "0397d024ebc35ea661529893a7265bbaef8f0a7f",
                "shasum": ""
            },
            "require": {
                "php": ">=5.4.0"
            },
            "require-dev": {
                "clean/phpdoc-md": "dev-master",
                "codeclimate/php-test-reporter": "dev-master",
                "phpunit/phpunit": "4.*"
            },
            "type": "library",
            "autoload": {
                "psr-4": {
                    "vakata\\websocket\\": "src"
                }
            },
            "notification-url": "https://packagist.org/downloads/",
            "license": [
                "MIT"
            ],
            "authors": [
                {
                    "name": "vakata",
                    "email": "github@vakata.com",
                    "homepage": "http://www.vakata.com",
                    "role": "Developer"
                }
            ],
            "description": "PHP websocket server and client",
            "homepage": "https://github.com/vakata/websocket",
            "keywords": [
                "vakata",
                "websocket"
            ],
            "time": "2016-10-27T11:39:57+00:00"
        }
    ],
    "packages-dev": [],
    "aliases": [],
    "minimum-stability": "stable",
    "stability-flags": [],
    "prefer-stable": false,
    "prefer-lowest": false,
    "platform": [],
    "platform-dev": []
}
